// !$*UTF8*$!
{
	archiveVersion = 1;
	classes = {
	};
	objectVersion = 46;
	objects = {

/* Begin PBXBuildFile section */
		0C255F8B1C1C35BA00978038 /* libc++.tbd in Frameworks */ = {isa = PBXBuildFile; fileRef = 0C255F891C1C35BA00978038 /* libc++.tbd */; };
		0C255F8C1C1C35BA00978038 /* libicucore.tbd in Frameworks */ = {isa = PBXBuildFile; fileRef = 0C255F8A1C1C35BA00978038 /* libicucore.tbd */; };
		0C255F8E1C1C364C00978038 /* Firebase.framework in Frameworks */ = {isa = PBXBuildFile; fileRef = 0C255F8D1C1C364C00978038 /* Firebase.framework */; };
		0C255F901C1C3B5A00978038 /* Login.swift in Sources */ = {isa = PBXBuildFile; fileRef = 0C255F8F1C1C3B5A00978038 /* Login.swift */; };
		0C255F921C1C743700978038 /* PopUpViewController.swift in Sources */ = {isa = PBXBuildFile; fileRef = 0C255F911C1C743700978038 /* PopUpViewController.swift */; };
		0C255F941C1CBFB400978038 /* SystemStatus.swift in Sources */ = {isa = PBXBuildFile; fileRef = 0C255F931C1CBFB400978038 /* SystemStatus.swift */; };
		0C95D72B1C1BE02B00B43C43 /* CollectionViewController.swift in Sources */ = {isa = PBXBuildFile; fileRef = 0C95D72A1C1BE02B00B43C43 /* CollectionViewController.swift */; };
		0C95D7351C1C2F2200B43C43 /* CFNetwork.framework in Frameworks */ = {isa = PBXBuildFile; fileRef = 0C95D7341C1C2F2200B43C43 /* CFNetwork.framework */; };
		0C95D7371C1C2F2900B43C43 /* Security.framework in Frameworks */ = {isa = PBXBuildFile; fileRef = 0C95D7361C1C2F2900B43C43 /* Security.framework */; };
		0C95D7391C1C2F3100B43C43 /* SystemConfiguration.framework in Frameworks */ = {isa = PBXBuildFile; fileRef = 0C95D7381C1C2F3100B43C43 /* SystemConfiguration.framework */; };
		0CBC5C341C1B8773006BEEFE /* AppDelegate.swift in Sources */ = {isa = PBXBuildFile; fileRef = 0CBC5C331C1B8773006BEEFE /* AppDelegate.swift */; };
		0CBC5C361C1B8773006BEEFE /* LoginViewController.swift in Sources */ = {isa = PBXBuildFile; fileRef = 0CBC5C351C1B8773006BEEFE /* LoginViewController.swift */; };
		0CBC5C391C1B8773006BEEFE /* Main.storyboard in Resources */ = {isa = PBXBuildFile; fileRef = 0CBC5C371C1B8773006BEEFE /* Main.storyboard */; };
		0CBC5C3B1C1B8773006BEEFE /* Assets.xcassets in Resources */ = {isa = PBXBuildFile; fileRef = 0CBC5C3A1C1B8773006BEEFE /* Assets.xcassets */; };
		0CBC5C3E1C1B8773006BEEFE /* LaunchScreen.storyboard in Resources */ = {isa = PBXBuildFile; fileRef = 0CBC5C3C1C1B8773006BEEFE /* LaunchScreen.storyboard */; };
		0CBC5C491C1B8773006BEEFE /* HackPucTests.swift in Sources */ = {isa = PBXBuildFile; fileRef = 0CBC5C481C1B8773006BEEFE /* HackPucTests.swift */; };
		0CBC5C541C1B8773006BEEFE /* HackPucUITests.swift in Sources */ = {isa = PBXBuildFile; fileRef = 0CBC5C531C1B8773006BEEFE /* HackPucUITests.swift */; };
		3F1388F51C1BD27C00EF3127 /* AlbumViewController.swift in Sources */ = {isa = PBXBuildFile; fileRef = 3F1388F41C1BD27C00EF3127 /* AlbumViewController.swift */; };
		3F1388F71C1BD29400EF3127 /* ProfileViewController.swift in Sources */ = {isa = PBXBuildFile; fileRef = 3F1388F61C1BD29400EF3127 /* ProfileViewController.swift */; };
		3F1388F91C1BD2A900EF3127 /* SocialInterectionViewController.swift in Sources */ = {isa = PBXBuildFile; fileRef = 3F1388F81C1BD2A900EF3127 /* SocialInterectionViewController.swift */; };
		3F1388FD1C1BE33200EF3127 /* RoundedTabBarViewController.swift in Sources */ = {isa = PBXBuildFile; fileRef = 3F1388FC1C1BE33200EF3127 /* RoundedTabBarViewController.swift */; };
		3F1388FF1C1BF30E00EF3127 /* FigurinhaViewController.swift in Sources */ = {isa = PBXBuildFile; fileRef = 3F1388FE1C1BF30E00EF3127 /* FigurinhaViewController.swift */; };
		3F1389071C1BF5B100EF3127 /* Creative Commons Attribution Share Alike License.txt in Resources */ = {isa = PBXBuildFile; fileRef = 3F1389021C1BF5B100EF3127 /* Creative Commons Attribution Share Alike License.txt */; };
		3F1389081C1BF5B100EF3127 /* LondrinaOutline-Regular.otf in Resources */ = {isa = PBXBuildFile; fileRef = 3F1389031C1BF5B100EF3127 /* LondrinaOutline-Regular.otf */; };
		3F1389091C1BF5B100EF3127 /* LondrinaShadow-Regular.otf in Resources */ = {isa = PBXBuildFile; fileRef = 3F1389041C1BF5B100EF3127 /* LondrinaShadow-Regular.otf */; };
		3F13890A1C1BF5B100EF3127 /* LondrinaSketche-Regular.otf in Resources */ = {isa = PBXBuildFile; fileRef = 3F1389051C1BF5B100EF3127 /* LondrinaSketche-Regular.otf */; };
		3F13890B1C1BF5B100EF3127 /* LondrinaSolid-Regular.otf in Resources */ = {isa = PBXBuildFile; fileRef = 3F1389061C1BF5B100EF3127 /* LondrinaSolid-Regular.otf */; };
		3F13890D1C1BF72800EF3127 /* AlbumTableViewCell.swift in Sources */ = {isa = PBXBuildFile; fileRef = 3F13890C1C1BF72800EF3127 /* AlbumTableViewCell.swift */; };
		3F1389101C1C49BA00EF3127 /* RankingBoxView.swift in Sources */ = {isa = PBXBuildFile; fileRef = 3F13890F1C1C49BA00EF3127 /* RankingBoxView.swift */; };
		3F622AC71C1C723E00753FC1 /* GanharFigurinhasViewController.swift in Sources */ = {isa = PBXBuildFile; fileRef = 3F622AC61C1C723E00753FC1 /* GanharFigurinhasViewController.swift */; };
		3F622AC91C1C9AAD00753FC1 /* FacebookFacade.swift in Sources */ = {isa = PBXBuildFile; fileRef = 3F622AC81C1C9AAD00753FC1 /* FacebookFacade.swift */; };
		3F622ACB1C1CA58500753FC1 /* Album.swift in Sources */ = {isa = PBXBuildFile; fileRef = 3F622ACA1C1CA58500753FC1 /* Album.swift */; };
		D00BBACC1C1BC2C10084355F /* FBSDKCoreKit.framework in Frameworks */ = {isa = PBXBuildFile; fileRef = D00BBACA1C1BC2C10084355F /* FBSDKCoreKit.framework */; };
		D00BBACD1C1BC2C10084355F /* FBSDKLoginKit.framework in Frameworks */ = {isa = PBXBuildFile; fileRef = D00BBACB1C1BC2C10084355F /* FBSDKLoginKit.framework */; };
		D06645411C1C06F2008BEB6B /* Atletas.plist in Resources */ = {isa = PBXBuildFile; fileRef = D066453A1C1C06F2008BEB6B /* Atletas.plist */; };
		D06645421C1C06F2008BEB6B /* Atleta.swift in Sources */ = {isa = PBXBuildFile; fileRef = D066453B1C1C06F2008BEB6B /* Atleta.swift */; };
		D06645431C1C06F2008BEB6B /* DAOAlbuns.swift in Sources */ = {isa = PBXBuildFile; fileRef = D066453C1C1C06F2008BEB6B /* DAOAlbuns.swift */; };
		D06645441C1C06F2008BEB6B /* Equipe.swift in Sources */ = {isa = PBXBuildFile; fileRef = D066453D1C1C06F2008BEB6B /* Equipe.swift */; };
		D06645451C1C06F2008BEB6B /* OlimpiadaAntiga.swift in Sources */ = {isa = PBXBuildFile; fileRef = D066453E1C1C06F2008BEB6B /* OlimpiadaAntiga.swift */; };
		D06645461C1C06F2008BEB6B /* Turismo.swift in Sources */ = {isa = PBXBuildFile; fileRef = D066453F1C1C06F2008BEB6B /* Turismo.swift */; };
		D06645471C1C06F2008BEB6B /* Modalidade.swift in Sources */ = {isa = PBXBuildFile; fileRef = D06645401C1C06F2008BEB6B /* Modalidade.swift */; };
		D0E8DD5F1C1C808E003920E1 /* CoreLocation.framework in Frameworks */ = {isa = PBXBuildFile; fileRef = D0E8DD5E1C1C808E003920E1 /* CoreLocation.framework */; };
		D0E8DD611C1C8095003920E1 /* MapKit.framework in Frameworks */ = {isa = PBXBuildFile; fileRef = D0E8DD601C1C8095003920E1 /* MapKit.framework */; };
/* End PBXBuildFile section */

/* Begin PBXContainerItemProxy section */
		0CBC5C451C1B8773006BEEFE /* PBXContainerItemProxy */ = {
			isa = PBXContainerItemProxy;
			containerPortal = 0CBC5C281C1B8773006BEEFE /* Project object */;
			proxyType = 1;
			remoteGlobalIDString = 0CBC5C2F1C1B8773006BEEFE;
			remoteInfo = HackPuc;
		};
		0CBC5C501C1B8773006BEEFE /* PBXContainerItemProxy */ = {
			isa = PBXContainerItemProxy;
			containerPortal = 0CBC5C281C1B8773006BEEFE /* Project object */;
			proxyType = 1;
			remoteGlobalIDString = 0CBC5C2F1C1B8773006BEEFE;
			remoteInfo = HackPuc;
		};
/* End PBXContainerItemProxy section */

/* Begin PBXFileReference section */
		0C255F891C1C35BA00978038 /* libc++.tbd */ = {isa = PBXFileReference; lastKnownFileType = "sourcecode.text-based-dylib-definition"; name = "libc++.tbd"; path = "usr/lib/libc++.tbd"; sourceTree = SDKROOT; };
		0C255F8A1C1C35BA00978038 /* libicucore.tbd */ = {isa = PBXFileReference; lastKnownFileType = "sourcecode.text-based-dylib-definition"; name = libicucore.tbd; path = usr/lib/libicucore.tbd; sourceTree = SDKROOT; };
		0C255F8D1C1C364C00978038 /* Firebase.framework */ = {isa = PBXFileReference; lastKnownFileType = wrapper.framework; path = Firebase.framework; sourceTree = "<group>"; };
		0C255F8F1C1C3B5A00978038 /* Login.swift */ = {isa = PBXFileReference; fileEncoding = 4; lastKnownFileType = sourcecode.swift; path = Login.swift; sourceTree = "<group>"; };
		0C255F911C1C743700978038 /* PopUpViewController.swift */ = {isa = PBXFileReference; fileEncoding = 4; lastKnownFileType = sourcecode.swift; path = PopUpViewController.swift; sourceTree = "<group>"; };
		0C255F931C1CBFB400978038 /* SystemStatus.swift */ = {isa = PBXFileReference; fileEncoding = 4; lastKnownFileType = sourcecode.swift; path = SystemStatus.swift; sourceTree = "<group>"; };
		0C95D72A1C1BE02B00B43C43 /* CollectionViewController.swift */ = {isa = PBXFileReference; fileEncoding = 4; lastKnownFileType = sourcecode.swift; path = CollectionViewController.swift; sourceTree = "<group>"; };
		0C95D7341C1C2F2200B43C43 /* CFNetwork.framework */ = {isa = PBXFileReference; lastKnownFileType = wrapper.framework; name = CFNetwork.framework; path = System/Library/Frameworks/CFNetwork.framework; sourceTree = SDKROOT; };
		0C95D7361C1C2F2900B43C43 /* Security.framework */ = {isa = PBXFileReference; lastKnownFileType = wrapper.framework; name = Security.framework; path = System/Library/Frameworks/Security.framework; sourceTree = SDKROOT; };
		0C95D7381C1C2F3100B43C43 /* SystemConfiguration.framework */ = {isa = PBXFileReference; lastKnownFileType = wrapper.framework; name = SystemConfiguration.framework; path = System/Library/Frameworks/SystemConfiguration.framework; sourceTree = SDKROOT; };
		0CBC5C301C1B8773006BEEFE /* HackPuc.app */ = {isa = PBXFileReference; explicitFileType = wrapper.application; includeInIndex = 0; path = HackPuc.app; sourceTree = BUILT_PRODUCTS_DIR; };
		0CBC5C331C1B8773006BEEFE /* AppDelegate.swift */ = {isa = PBXFileReference; lastKnownFileType = sourcecode.swift; path = AppDelegate.swift; sourceTree = "<group>"; };
		0CBC5C351C1B8773006BEEFE /* LoginViewController.swift */ = {isa = PBXFileReference; lastKnownFileType = sourcecode.swift; path = LoginViewController.swift; sourceTree = "<group>"; };
		0CBC5C381C1B8773006BEEFE /* Base */ = {isa = PBXFileReference; lastKnownFileType = file.storyboard; name = Base; path = Base.lproj/Main.storyboard; sourceTree = "<group>"; };
		0CBC5C3A1C1B8773006BEEFE /* Assets.xcassets */ = {isa = PBXFileReference; lastKnownFileType = folder.assetcatalog; path = Assets.xcassets; sourceTree = "<group>"; };
		0CBC5C3D1C1B8773006BEEFE /* Base */ = {isa = PBXFileReference; lastKnownFileType = file.storyboard; name = Base; path = Base.lproj/LaunchScreen.storyboard; sourceTree = "<group>"; };
		0CBC5C3F1C1B8773006BEEFE /* Info.plist */ = {isa = PBXFileReference; lastKnownFileType = text.plist.xml; path = Info.plist; sourceTree = "<group>"; };
		0CBC5C441C1B8773006BEEFE /* HackPucTests.xctest */ = {isa = PBXFileReference; explicitFileType = wrapper.cfbundle; includeInIndex = 0; path = HackPucTests.xctest; sourceTree = BUILT_PRODUCTS_DIR; };
		0CBC5C481C1B8773006BEEFE /* HackPucTests.swift */ = {isa = PBXFileReference; lastKnownFileType = sourcecode.swift; path = HackPucTests.swift; sourceTree = "<group>"; };
		0CBC5C4A1C1B8773006BEEFE /* Info.plist */ = {isa = PBXFileReference; lastKnownFileType = text.plist.xml; path = Info.plist; sourceTree = "<group>"; };
		0CBC5C4F1C1B8773006BEEFE /* HackPucUITests.xctest */ = {isa = PBXFileReference; explicitFileType = wrapper.cfbundle; includeInIndex = 0; path = HackPucUITests.xctest; sourceTree = BUILT_PRODUCTS_DIR; };
		0CBC5C531C1B8773006BEEFE /* HackPucUITests.swift */ = {isa = PBXFileReference; lastKnownFileType = sourcecode.swift; path = HackPucUITests.swift; sourceTree = "<group>"; };
		0CBC5C551C1B8773006BEEFE /* Info.plist */ = {isa = PBXFileReference; lastKnownFileType = text.plist.xml; path = Info.plist; sourceTree = "<group>"; };
		3F1388F41C1BD27C00EF3127 /* AlbumViewController.swift */ = {isa = PBXFileReference; fileEncoding = 4; lastKnownFileType = sourcecode.swift; path = AlbumViewController.swift; sourceTree = "<group>"; };
		3F1388F61C1BD29400EF3127 /* ProfileViewController.swift */ = {isa = PBXFileReference; fileEncoding = 4; lastKnownFileType = sourcecode.swift; path = ProfileViewController.swift; sourceTree = "<group>"; };
		3F1388F81C1BD2A900EF3127 /* SocialInterectionViewController.swift */ = {isa = PBXFileReference; fileEncoding = 4; lastKnownFileType = sourcecode.swift; path = SocialInterectionViewController.swift; sourceTree = "<group>"; };
		3F1388FC1C1BE33200EF3127 /* RoundedTabBarViewController.swift */ = {isa = PBXFileReference; fileEncoding = 4; lastKnownFileType = sourcecode.swift; path = RoundedTabBarViewController.swift; sourceTree = "<group>"; };
		3F1388FE1C1BF30E00EF3127 /* FigurinhaViewController.swift */ = {isa = PBXFileReference; fileEncoding = 4; lastKnownFileType = sourcecode.swift; path = FigurinhaViewController.swift; sourceTree = "<group>"; };
		3F1389021C1BF5B100EF3127 /* Creative Commons Attribution Share Alike License.txt */ = {isa = PBXFileReference; fileEncoding = 4; lastKnownFileType = text; path = "Creative Commons Attribution Share Alike License.txt"; sourceTree = "<group>"; };
		3F1389031C1BF5B100EF3127 /* LondrinaOutline-Regular.otf */ = {isa = PBXFileReference; lastKnownFileType = file; path = "LondrinaOutline-Regular.otf"; sourceTree = "<group>"; };
		3F1389041C1BF5B100EF3127 /* LondrinaShadow-Regular.otf */ = {isa = PBXFileReference; lastKnownFileType = file; path = "LondrinaShadow-Regular.otf"; sourceTree = "<group>"; };
		3F1389051C1BF5B100EF3127 /* LondrinaSketche-Regular.otf */ = {isa = PBXFileReference; lastKnownFileType = file; path = "LondrinaSketche-Regular.otf"; sourceTree = "<group>"; };
		3F1389061C1BF5B100EF3127 /* LondrinaSolid-Regular.otf */ = {isa = PBXFileReference; lastKnownFileType = file; path = "LondrinaSolid-Regular.otf"; sourceTree = "<group>"; };
		3F13890C1C1BF72800EF3127 /* AlbumTableViewCell.swift */ = {isa = PBXFileReference; fileEncoding = 4; lastKnownFileType = sourcecode.swift; path = AlbumTableViewCell.swift; sourceTree = "<group>"; };
		3F13890F1C1C49BA00EF3127 /* RankingBoxView.swift */ = {isa = PBXFileReference; fileEncoding = 4; lastKnownFileType = sourcecode.swift; path = RankingBoxView.swift; sourceTree = "<group>"; };
		3F622AC61C1C723E00753FC1 /* GanharFigurinhasViewController.swift */ = {isa = PBXFileReference; fileEncoding = 4; lastKnownFileType = sourcecode.swift; path = GanharFigurinhasViewController.swift; sourceTree = "<group>"; };
		3F622AC81C1C9AAD00753FC1 /* FacebookFacade.swift */ = {isa = PBXFileReference; fileEncoding = 4; lastKnownFileType = sourcecode.swift; path = FacebookFacade.swift; sourceTree = "<group>"; };
		3F622ACA1C1CA58500753FC1 /* Album.swift */ = {isa = PBXFileReference; fileEncoding = 4; lastKnownFileType = sourcecode.swift; path = Album.swift; sourceTree = "<group>"; };
		D00BBACA1C1BC2C10084355F /* FBSDKCoreKit.framework */ = {isa = PBXFileReference; lastKnownFileType = wrapper.framework; name = FBSDKCoreKit.framework; path = FacebookSDK/FBSDKCoreKit.framework; sourceTree = "<group>"; };
		D00BBACB1C1BC2C10084355F /* FBSDKLoginKit.framework */ = {isa = PBXFileReference; lastKnownFileType = wrapper.framework; name = FBSDKLoginKit.framework; path = FacebookSDK/FBSDKLoginKit.framework; sourceTree = "<group>"; };
		D066453A1C1C06F2008BEB6B /* Atletas.plist */ = {isa = PBXFileReference; fileEncoding = 4; lastKnownFileType = text.plist.xml; path = Atletas.plist; sourceTree = "<group>"; };
		D066453B1C1C06F2008BEB6B /* Atleta.swift */ = {isa = PBXFileReference; fileEncoding = 4; lastKnownFileType = sourcecode.swift; path = Atleta.swift; sourceTree = "<group>"; };
		D066453C1C1C06F2008BEB6B /* DAOAlbuns.swift */ = {isa = PBXFileReference; fileEncoding = 4; lastKnownFileType = sourcecode.swift; path = DAOAlbuns.swift; sourceTree = "<group>"; };
		D066453D1C1C06F2008BEB6B /* Equipe.swift */ = {isa = PBXFileReference; fileEncoding = 4; lastKnownFileType = sourcecode.swift; path = Equipe.swift; sourceTree = "<group>"; };
		D066453E1C1C06F2008BEB6B /* OlimpiadaAntiga.swift */ = {isa = PBXFileReference; fileEncoding = 4; lastKnownFileType = sourcecode.swift; path = OlimpiadaAntiga.swift; sourceTree = "<group>"; };
		D066453F1C1C06F2008BEB6B /* Turismo.swift */ = {isa = PBXFileReference; fileEncoding = 4; lastKnownFileType = sourcecode.swift; path = Turismo.swift; sourceTree = "<group>"; };
		D06645401C1C06F2008BEB6B /* Modalidade.swift */ = {isa = PBXFileReference; fileEncoding = 4; lastKnownFileType = sourcecode.swift; path = Modalidade.swift; sourceTree = "<group>"; };
		D0E8DD5E1C1C808E003920E1 /* CoreLocation.framework */ = {isa = PBXFileReference; lastKnownFileType = wrapper.framework; name = CoreLocation.framework; path = System/Library/Frameworks/CoreLocation.framework; sourceTree = SDKROOT; };
		D0E8DD601C1C8095003920E1 /* MapKit.framework */ = {isa = PBXFileReference; lastKnownFileType = wrapper.framework; name = MapKit.framework; path = System/Library/Frameworks/MapKit.framework; sourceTree = SDKROOT; };
/* End PBXFileReference section */

/* Begin PBXFrameworksBuildPhase section */
		0CBC5C2D1C1B8773006BEEFE /* Frameworks */ = {
			isa = PBXFrameworksBuildPhase;
			buildActionMask = 2147483647;
			files = (
				D0E8DD611C1C8095003920E1 /* MapKit.framework in Frameworks */,
				D0E8DD5F1C1C808E003920E1 /* CoreLocation.framework in Frameworks */,
				0C255F8B1C1C35BA00978038 /* libc++.tbd in Frameworks */,
				0C255F8C1C1C35BA00978038 /* libicucore.tbd in Frameworks */,
				0C95D7391C1C2F3100B43C43 /* SystemConfiguration.framework in Frameworks */,
				0C95D7371C1C2F2900B43C43 /* Security.framework in Frameworks */,
				0C95D7351C1C2F2200B43C43 /* CFNetwork.framework in Frameworks */,
				D00BBACD1C1BC2C10084355F /* FBSDKLoginKit.framework in Frameworks */,
				D00BBACC1C1BC2C10084355F /* FBSDKCoreKit.framework in Frameworks */,
				0C255F8E1C1C364C00978038 /* Firebase.framework in Frameworks */,
			);
			runOnlyForDeploymentPostprocessing = 0;
		};
		0CBC5C411C1B8773006BEEFE /* Frameworks */ = {
			isa = PBXFrameworksBuildPhase;
			buildActionMask = 2147483647;
			files = (
			);
			runOnlyForDeploymentPostprocessing = 0;
		};
		0CBC5C4C1C1B8773006BEEFE /* Frameworks */ = {
			isa = PBXFrameworksBuildPhase;
			buildActionMask = 2147483647;
			files = (
			);
			runOnlyForDeploymentPostprocessing = 0;
		};
/* End PBXFrameworksBuildPhase section */

/* Begin PBXGroup section */
		0C95D7241C1BBBAE00B43C43 /* Frameworks */ = {
			isa = PBXGroup;
			children = (
				D0E8DD601C1C8095003920E1 /* MapKit.framework */,
				D0E8DD5E1C1C808E003920E1 /* CoreLocation.framework */,
				0C255F8D1C1C364C00978038 /* Firebase.framework */,
				0C255F891C1C35BA00978038 /* libc++.tbd */,
				0C255F8A1C1C35BA00978038 /* libicucore.tbd */,
				0C95D7381C1C2F3100B43C43 /* SystemConfiguration.framework */,
				0C95D7361C1C2F2900B43C43 /* Security.framework */,
				0C95D7341C1C2F2200B43C43 /* CFNetwork.framework */,
				D00BBACA1C1BC2C10084355F /* FBSDKCoreKit.framework */,
				D00BBACB1C1BC2C10084355F /* FBSDKLoginKit.framework */,
			);
			name = Frameworks;
			sourceTree = "<group>";
		};
		0CBC5C271C1B8773006BEEFE = {
			isa = PBXGroup;
			children = (
				0C95D7241C1BBBAE00B43C43 /* Frameworks */,
				0CBC5C321C1B8773006BEEFE /* HackPuc */,
				0CBC5C471C1B8773006BEEFE /* HackPucTests */,
				0CBC5C521C1B8773006BEEFE /* HackPucUITests */,
				0CBC5C311C1B8773006BEEFE /* Products */,
			);
			sourceTree = "<group>";
		};
		0CBC5C311C1B8773006BEEFE /* Products */ = {
			isa = PBXGroup;
			children = (
				0CBC5C301C1B8773006BEEFE /* HackPuc.app */,
				0CBC5C441C1B8773006BEEFE /* HackPucTests.xctest */,
				0CBC5C4F1C1B8773006BEEFE /* HackPucUITests.xctest */,
			);
			name = Products;
			sourceTree = "<group>";
		};
		0CBC5C321C1B8773006BEEFE /* HackPuc */ = {
			isa = PBXGroup;
			children = (
				D00BBACE1C1BC30B0084355F /* Modelo */,
				0CBC5C331C1B8773006BEEFE /* AppDelegate.swift */,
				0CBC5C351C1B8773006BEEFE /* LoginViewController.swift */,
				0C255F911C1C743700978038 /* PopUpViewController.swift */,
				3F13890E1C1BF72D00EF3127 /* Album */,
				0C95D72A1C1BE02B00B43C43 /* CollectionViewController.swift */,
				3F1388FE1C1BF30E00EF3127 /* FigurinhaViewController.swift */,
				3F1388FC1C1BE33200EF3127 /* RoundedTabBarViewController.swift */,
				3F622AC61C1C723E00753FC1 /* GanharFigurinhasViewController.swift */,
				3F1388F81C1BD2A900EF3127 /* SocialInterectionViewController.swift */,
				3F13890F1C1C49BA00EF3127 /* RankingBoxView.swift */,
				3F1388F61C1BD29400EF3127 /* ProfileViewController.swift */,
				0CBC5C371C1B8773006BEEFE /* Main.storyboard */,
				3F1389001C1BF58E00EF3127 /* Supporting Files */,
				0CBC5C3A1C1B8773006BEEFE /* Assets.xcassets */,
				0CBC5C3C1C1B8773006BEEFE /* LaunchScreen.storyboard */,
				0CBC5C3F1C1B8773006BEEFE /* Info.plist */,
			);
			path = HackPuc;
			sourceTree = "<group>";
		};
		0CBC5C471C1B8773006BEEFE /* HackPucTests */ = {
			isa = PBXGroup;
			children = (
				0CBC5C481C1B8773006BEEFE /* HackPucTests.swift */,
				0CBC5C4A1C1B8773006BEEFE /* Info.plist */,
			);
			path = HackPucTests;
			sourceTree = "<group>";
		};
		0CBC5C521C1B8773006BEEFE /* HackPucUITests */ = {
			isa = PBXGroup;
			children = (
				0CBC5C531C1B8773006BEEFE /* HackPucUITests.swift */,
				0CBC5C551C1B8773006BEEFE /* Info.plist */,
			);
			path = HackPucUITests;
			sourceTree = "<group>";
		};
		3F1389001C1BF58E00EF3127 /* Supporting Files */ = {
			isa = PBXGroup;
			children = (
				3F1389011C1BF5B100EF3127 /* londrina */,
			);
			name = "Supporting Files";
			sourceTree = "<group>";
		};
		3F1389011C1BF5B100EF3127 /* londrina */ = {
			isa = PBXGroup;
			children = (
				3F1389021C1BF5B100EF3127 /* Creative Commons Attribution Share Alike License.txt */,
				3F1389031C1BF5B100EF3127 /* LondrinaOutline-Regular.otf */,
				3F1389041C1BF5B100EF3127 /* LondrinaShadow-Regular.otf */,
				3F1389051C1BF5B100EF3127 /* LondrinaSketche-Regular.otf */,
				3F1389061C1BF5B100EF3127 /* LondrinaSolid-Regular.otf */,
			);
			path = londrina;
			sourceTree = "<group>";
		};
		3F13890E1C1BF72D00EF3127 /* Album */ = {
			isa = PBXGroup;
			children = (
				3F1388F41C1BD27C00EF3127 /* AlbumViewController.swift */,
				3F13890C1C1BF72800EF3127 /* AlbumTableViewCell.swift */,
			);
			name = Album;
			sourceTree = "<group>";
		};
		D00BBACE1C1BC30B0084355F /* Modelo */ = {
			isa = PBXGroup;
			children = (
				D06645481C1C06F8008BEB6B /* Data */,
				D066453B1C1C06F2008BEB6B /* Atleta.swift */,
				D066453C1C1C06F2008BEB6B /* DAOAlbuns.swift */,
				3F622ACA1C1CA58500753FC1 /* Album.swift */,
				D066453D1C1C06F2008BEB6B /* Equipe.swift */,
				D066453E1C1C06F2008BEB6B /* OlimpiadaAntiga.swift */,
				D066453F1C1C06F2008BEB6B /* Turismo.swift */,
				D06645401C1C06F2008BEB6B /* Modalidade.swift */,
				0C255F8F1C1C3B5A00978038 /* Login.swift */,
				3F622AC81C1C9AAD00753FC1 /* FacebookFacade.swift */,
				0C255F931C1CBFB400978038 /* SystemStatus.swift */,
			);
			name = Modelo;
			sourceTree = "<group>";
		};
		D06645481C1C06F8008BEB6B /* Data */ = {
			isa = PBXGroup;
			children = (
				D066453A1C1C06F2008BEB6B /* Atletas.plist */,
			);
			name = Data;
			sourceTree = "<group>";
		};
/* End PBXGroup section */

/* Begin PBXNativeTarget section */
		0CBC5C2F1C1B8773006BEEFE /* HackPuc */ = {
			isa = PBXNativeTarget;
			buildConfigurationList = 0CBC5C581C1B8773006BEEFE /* Build configuration list for PBXNativeTarget "HackPuc" */;
			buildPhases = (
				0CBC5C2C1C1B8773006BEEFE /* Sources */,
				0CBC5C2D1C1B8773006BEEFE /* Frameworks */,
				0CBC5C2E1C1B8773006BEEFE /* Resources */,
			);
			buildRules = (
			);
			dependencies = (
			);
			name = HackPuc;
			productName = HackPuc;
			productReference = 0CBC5C301C1B8773006BEEFE /* HackPuc.app */;
			productType = "com.apple.product-type.application";
		};
		0CBC5C431C1B8773006BEEFE /* HackPucTests */ = {
			isa = PBXNativeTarget;
			buildConfigurationList = 0CBC5C5B1C1B8773006BEEFE /* Build configuration list for PBXNativeTarget "HackPucTests" */;
			buildPhases = (
				0CBC5C401C1B8773006BEEFE /* Sources */,
				0CBC5C411C1B8773006BEEFE /* Frameworks */,
				0CBC5C421C1B8773006BEEFE /* Resources */,
			);
			buildRules = (
			);
			dependencies = (
				0CBC5C461C1B8773006BEEFE /* PBXTargetDependency */,
			);
			name = HackPucTests;
			productName = HackPucTests;
			productReference = 0CBC5C441C1B8773006BEEFE /* HackPucTests.xctest */;
			productType = "com.apple.product-type.bundle.unit-test";
		};
		0CBC5C4E1C1B8773006BEEFE /* HackPucUITests */ = {
			isa = PBXNativeTarget;
			buildConfigurationList = 0CBC5C5E1C1B8773006BEEFE /* Build configuration list for PBXNativeTarget "HackPucUITests" */;
			buildPhases = (
				0CBC5C4B1C1B8773006BEEFE /* Sources */,
				0CBC5C4C1C1B8773006BEEFE /* Frameworks */,
				0CBC5C4D1C1B8773006BEEFE /* Resources */,
			);
			buildRules = (
			);
			dependencies = (
				0CBC5C511C1B8773006BEEFE /* PBXTargetDependency */,
			);
			name = HackPucUITests;
			productName = HackPucUITests;
			productReference = 0CBC5C4F1C1B8773006BEEFE /* HackPucUITests.xctest */;
			productType = "com.apple.product-type.bundle.ui-testing";
		};
/* End PBXNativeTarget section */

/* Begin PBXProject section */
		0CBC5C281C1B8773006BEEFE /* Project object */ = {
			isa = PBXProject;
			attributes = {
				LastSwiftUpdateCheck = 0710;
				LastUpgradeCheck = 0710;
				ORGANIZATIONNAME = Flo;
				TargetAttributes = {
					0CBC5C2F1C1B8773006BEEFE = {
						CreatedOnToolsVersion = 7.1.1;
					};
					0CBC5C431C1B8773006BEEFE = {
						CreatedOnToolsVersion = 7.1.1;
						TestTargetID = 0CBC5C2F1C1B8773006BEEFE;
					};
					0CBC5C4E1C1B8773006BEEFE = {
						CreatedOnToolsVersion = 7.1.1;
						TestTargetID = 0CBC5C2F1C1B8773006BEEFE;
					};
				};
			};
			buildConfigurationList = 0CBC5C2B1C1B8773006BEEFE /* Build configuration list for PBXProject "HackPuc" */;
			compatibilityVersion = "Xcode 3.2";
			developmentRegion = English;
			hasScannedForEncodings = 0;
			knownRegions = (
				en,
				Base,
			);
			mainGroup = 0CBC5C271C1B8773006BEEFE;
			productRefGroup = 0CBC5C311C1B8773006BEEFE /* Products */;
			projectDirPath = "";
			projectRoot = "";
			targets = (
				0CBC5C2F1C1B8773006BEEFE /* HackPuc */,
				0CBC5C431C1B8773006BEEFE /* HackPucTests */,
				0CBC5C4E1C1B8773006BEEFE /* HackPucUITests */,
			);
		};
/* End PBXProject section */

/* Begin PBXResourcesBuildPhase section */
		0CBC5C2E1C1B8773006BEEFE /* Resources */ = {
			isa = PBXResourcesBuildPhase;
			buildActionMask = 2147483647;
			files = (
				0CBC5C3E1C1B8773006BEEFE /* LaunchScreen.storyboard in Resources */,
				3F13890B1C1BF5B100EF3127 /* LondrinaSolid-Regular.otf in Resources */,
				0CBC5C3B1C1B8773006BEEFE /* Assets.xcassets in Resources */,
				3F1389071C1BF5B100EF3127 /* Creative Commons Attribution Share Alike License.txt in Resources */,
				3F1389091C1BF5B100EF3127 /* LondrinaShadow-Regular.otf in Resources */,
				3F13890A1C1BF5B100EF3127 /* LondrinaSketche-Regular.otf in Resources */,
				3F1389081C1BF5B100EF3127 /* LondrinaOutline-Regular.otf in Resources */,
				D06645411C1C06F2008BEB6B /* Atletas.plist in Resources */,
				0CBC5C391C1B8773006BEEFE /* Main.storyboard in Resources */,
			);
			runOnlyForDeploymentPostprocessing = 0;
		};
		0CBC5C421C1B8773006BEEFE /* Resources */ = {
			isa = PBXResourcesBuildPhase;
			buildActionMask = 2147483647;
			files = (
			);
			runOnlyForDeploymentPostprocessing = 0;
		};
		0CBC5C4D1C1B8773006BEEFE /* Resources */ = {
			isa = PBXResourcesBuildPhase;
			buildActionMask = 2147483647;
			files = (
			);
			runOnlyForDeploymentPostprocessing = 0;
		};
/* End PBXResourcesBuildPhase section */

/* Begin PBXSourcesBuildPhase section */
		0CBC5C2C1C1B8773006BEEFE /* Sources */ = {
			isa = PBXSourcesBuildPhase;
			buildActionMask = 2147483647;
			files = (
				D06645421C1C06F2008BEB6B /* Atleta.swift in Sources */,
				0CBC5C361C1B8773006BEEFE /* LoginViewController.swift in Sources */,
				3F1388F91C1BD2A900EF3127 /* SocialInterectionViewController.swift in Sources */,
				3F1388F51C1BD27C00EF3127 /* AlbumViewController.swift in Sources */,
				D06645431C1C06F2008BEB6B /* DAOAlbuns.swift in Sources */,
				3F622ACB1C1CA58500753FC1 /* Album.swift in Sources */,
				3F622AC91C1C9AAD00753FC1 /* FacebookFacade.swift in Sources */,
				D06645461C1C06F2008BEB6B /* Turismo.swift in Sources */,
				D06645471C1C06F2008BEB6B /* Modalidade.swift in Sources */,
				0C255F921C1C743700978038 /* PopUpViewController.swift in Sources */,
				0CBC5C341C1B8773006BEEFE /* AppDelegate.swift in Sources */,
				3F1388F71C1BD29400EF3127 /* ProfileViewController.swift in Sources */,
				3F622AC71C1C723E00753FC1 /* GanharFigurinhasViewController.swift in Sources */,
				3F1388FF1C1BF30E00EF3127 /* FigurinhaViewController.swift in Sources */,
				D06645441C1C06F2008BEB6B /* Equipe.swift in Sources */,
				3F13890D1C1BF72800EF3127 /* AlbumTableViewCell.swift in Sources */,
				3F1389101C1C49BA00EF3127 /* RankingBoxView.swift in Sources */,
				0C95D72B1C1BE02B00B43C43 /* CollectionViewController.swift in Sources */,
				D06645451C1C06F2008BEB6B /* OlimpiadaAntiga.swift in Sources */,
				3F1388FD1C1BE33200EF3127 /* RoundedTabBarViewController.swift in Sources */,
				0C255F941C1CBFB400978038 /* SystemStatus.swift in Sources */,
				0C255F901C1C3B5A00978038 /* Login.swift in Sources */,
			);
			runOnlyForDeploymentPostprocessing = 0;
		};
		0CBC5C401C1B8773006BEEFE /* Sources */ = {
			isa = PBXSourcesBuildPhase;
			buildActionMask = 2147483647;
			files = (
				0CBC5C491C1B8773006BEEFE /* HackPucTests.swift in Sources */,
			);
			runOnlyForDeploymentPostprocessing = 0;
		};
		0CBC5C4B1C1B8773006BEEFE /* Sources */ = {
			isa = PBXSourcesBuildPhase;
			buildActionMask = 2147483647;
			files = (
				0CBC5C541C1B8773006BEEFE /* HackPucUITests.swift in Sources */,
			);
			runOnlyForDeploymentPostprocessing = 0;
		};
/* End PBXSourcesBuildPhase section */

/* Begin PBXTargetDependency section */
		0CBC5C461C1B8773006BEEFE /* PBXTargetDependency */ = {
			isa = PBXTargetDependency;
			target = 0CBC5C2F1C1B8773006BEEFE /* HackPuc */;
			targetProxy = 0CBC5C451C1B8773006BEEFE /* PBXContainerItemProxy */;
		};
		0CBC5C511C1B8773006BEEFE /* PBXTargetDependency */ = {
			isa = PBXTargetDependency;
			target = 0CBC5C2F1C1B8773006BEEFE /* HackPuc */;
			targetProxy = 0CBC5C501C1B8773006BEEFE /* PBXContainerItemProxy */;
		};
/* End PBXTargetDependency section */

/* Begin PBXVariantGroup section */
		0CBC5C371C1B8773006BEEFE /* Main.storyboard */ = {
			isa = PBXVariantGroup;
			children = (
				0CBC5C381C1B8773006BEEFE /* Base */,
			);
			name = Main.storyboard;
			sourceTree = "<group>";
		};
		0CBC5C3C1C1B8773006BEEFE /* LaunchScreen.storyboard */ = {
			isa = PBXVariantGroup;
			children = (
				0CBC5C3D1C1B8773006BEEFE /* Base */,
			);
			name = LaunchScreen.storyboard;
			sourceTree = "<group>";
		};
/* End PBXVariantGroup section */

/* Begin XCBuildConfiguration section */
		0CBC5C561C1B8773006BEEFE /* Debug */ = {
			isa = XCBuildConfiguration;
			buildSettings = {
				ALWAYS_SEARCH_USER_PATHS = NO;
				CLANG_CXX_LANGUAGE_STANDARD = "gnu++0x";
				CLANG_CXX_LIBRARY = "libc++";
				CLANG_ENABLE_MODULES = YES;
				CLANG_ENABLE_OBJC_ARC = YES;
				CLANG_WARN_BOOL_CONVERSION = YES;
				CLANG_WARN_CONSTANT_CONVERSION = YES;
				CLANG_WARN_DIRECT_OBJC_ISA_USAGE = YES_ERROR;
				CLANG_WARN_EMPTY_BODY = YES;
				CLANG_WARN_ENUM_CONVERSION = YES;
				CLANG_WARN_INT_CONVERSION = YES;
				CLANG_WARN_OBJC_ROOT_CLASS = YES_ERROR;
				CLANG_WARN_UNREACHABLE_CODE = YES;
				CLANG_WARN__DUPLICATE_METHOD_MATCH = YES;
				"CODE_SIGN_IDENTITY[sdk=iphoneos*]" = "iPhone Developer";
				COPY_PHASE_STRIP = NO;
				DEBUG_INFORMATION_FORMAT = dwarf;
				ENABLE_STRICT_OBJC_MSGSEND = YES;
				ENABLE_TESTABILITY = YES;
				GCC_C_LANGUAGE_STANDARD = gnu99;
				GCC_DYNAMIC_NO_PIC = NO;
				GCC_NO_COMMON_BLOCKS = YES;
				GCC_OPTIMIZATION_LEVEL = 0;
				GCC_PREPROCESSOR_DEFINITIONS = (
					"DEBUG=1",
					"$(inherited)",
				);
				GCC_WARN_64_TO_32_BIT_CONVERSION = YES;
				GCC_WARN_ABOUT_RETURN_TYPE = YES_ERROR;
				GCC_WARN_UNDECLARED_SELECTOR = YES;
				GCC_WARN_UNINITIALIZED_AUTOS = YES_AGGRESSIVE;
				GCC_WARN_UNUSED_FUNCTION = YES;
				GCC_WARN_UNUSED_VARIABLE = YES;
				IPHONEOS_DEPLOYMENT_TARGET = 9.1;
				MTL_ENABLE_DEBUG_INFO = YES;
				ONLY_ACTIVE_ARCH = YES;
				SDKROOT = iphoneos;
				SWIFT_OPTIMIZATION_LEVEL = "-Onone";
				TARGETED_DEVICE_FAMILY = "1,2";
			};
			name = Debug;
		};
		0CBC5C571C1B8773006BEEFE /* Release */ = {
			isa = XCBuildConfiguration;
			buildSettings = {
				ALWAYS_SEARCH_USER_PATHS = NO;
				CLANG_CXX_LANGUAGE_STANDARD = "gnu++0x";
				CLANG_CXX_LIBRARY = "libc++";
				CLANG_ENABLE_MODULES = YES;
				CLANG_ENABLE_OBJC_ARC = YES;
				CLANG_WARN_BOOL_CONVERSION = YES;
				CLANG_WARN_CONSTANT_CONVERSION = YES;
				CLANG_WARN_DIRECT_OBJC_ISA_USAGE = YES_ERROR;
				CLANG_WARN_EMPTY_BODY = YES;
				CLANG_WARN_ENUM_CONVERSION = YES;
				CLANG_WARN_INT_CONVERSION = YES;
				CLANG_WARN_OBJC_ROOT_CLASS = YES_ERROR;
				CLANG_WARN_UNREACHABLE_CODE = YES;
				CLANG_WARN__DUPLICATE_METHOD_MATCH = YES;
				"CODE_SIGN_IDENTITY[sdk=iphoneos*]" = "iPhone Developer";
				COPY_PHASE_STRIP = NO;
				DEBUG_INFORMATION_FORMAT = "dwarf-with-dsym";
				ENABLE_NS_ASSERTIONS = NO;
				ENABLE_STRICT_OBJC_MSGSEND = YES;
				GCC_C_LANGUAGE_STANDARD = gnu99;
				GCC_NO_COMMON_BLOCKS = YES;
				GCC_WARN_64_TO_32_BIT_CONVERSION = YES;
				GCC_WARN_ABOUT_RETURN_TYPE = YES_ERROR;
				GCC_WARN_UNDECLARED_SELECTOR = YES;
				GCC_WARN_UNINITIALIZED_AUTOS = YES_AGGRESSIVE;
				GCC_WARN_UNUSED_FUNCTION = YES;
				GCC_WARN_UNUSED_VARIABLE = YES;
				IPHONEOS_DEPLOYMENT_TARGET = 9.1;
				MTL_ENABLE_DEBUG_INFO = NO;
				SDKROOT = iphoneos;
				TARGETED_DEVICE_FAMILY = "1,2";
				VALIDATE_PRODUCT = YES;
			};
			name = Release;
		};
		0CBC5C591C1B8773006BEEFE /* Debug */ = {
			isa = XCBuildConfiguration;
			buildSettings = {
				ASSETCATALOG_COMPILER_APPICON_NAME = AppIcon;
				FRAMEWORK_SEARCH_PATHS = (
					FacebookSDK,
					"$(PROJECT_DIR)",
				);
				INFOPLIST_FILE = HackPuc/Info.plist;
				LD_RUNPATH_SEARCH_PATHS = "$(inherited) @executable_path/Frameworks";
				PRODUCT_BUNDLE_IDENTIFIER = Flo.HackPuc;
				PRODUCT_NAME = "$(TARGET_NAME)";
			};
			name = Debug;
		};
		0CBC5C5A1C1B8773006BEEFE /* Release */ = {
			isa = XCBuildConfiguration;
			buildSettings = {
				ASSETCATALOG_COMPILER_APPICON_NAME = AppIcon;
				FRAMEWORK_SEARCH_PATHS = (
					FacebookSDK,
					"$(PROJECT_DIR)",
				);
				INFOPLIST_FILE = HackPuc/Info.plist;
				LD_RUNPATH_SEARCH_PATHS = "$(inherited) @executable_path/Frameworks";
				PRODUCT_BUNDLE_IDENTIFIER = Flo.HackPuc;
				PRODUCT_NAME = "$(TARGET_NAME)";
			};
			name = Release;
		};
		0CBC5C5C1C1B8773006BEEFE /* Debug */ = {
			isa = XCBuildConfiguration;
			buildSettings = {
				BUNDLE_LOADER = "$(TEST_HOST)";
				INFOPLIST_FILE = HackPucTests/Info.plist;
				LD_RUNPATH_SEARCH_PATHS = "$(inherited) @executable_path/Frameworks @loader_path/Frameworks";
				PRODUCT_BUNDLE_IDENTIFIER = Flo.HackPucTests;
				PRODUCT_NAME = "$(TARGET_NAME)";
				TEST_HOST = "$(BUILT_PRODUCTS_DIR)/HackPuc.app/HackPuc";
			};
			name = Debug;
		};
		0CBC5C5D1C1B8773006BEEFE /* Release */ = {
			isa = XCBuildConfiguration;
			buildSettings = {
				BUNDLE_LOADER = "$(TEST_HOST)";
				INFOPLIST_FILE = HackPucTests/Info.plist;
				LD_RUNPATH_SEARCH_PATHS = "$(inherited) @executable_path/Frameworks @loader_path/Frameworks";
				PRODUCT_BUNDLE_IDENTIFIER = Flo.HackPucTests;
				PRODUCT_NAME = "$(TARGET_NAME)";
				TEST_HOST = "$(BUILT_PRODUCTS_DIR)/HackPuc.app/HackPuc";
			};
			name = Release;
		};
		0CBC5C5F1C1B8773006BEEFE /* Debug */ = {
			isa = XCBuildConfiguration;
			buildSettings = {
				INFOPLIST_FILE = HackPucUITests/Info.plist;
				LD_RUNPATH_SEARCH_PATHS = "$(inherited) @executable_path/Frameworks @loader_path/Frameworks";
				PRODUCT_BUNDLE_IDENTIFIER = Flo.HackPucUITests;
				PRODUCT_NAME = "$(TARGET_NAME)";
				TEST_TARGET_NAME = HackPuc;
				USES_XCTRUNNER = YES;
			};
			name = Debug;
		};
		0CBC5C601C1B8773006BEEFE /* Release */ = {
			isa = XCBuildConfiguration;
			buildSettings = {
				INFOPLIST_FILE = HackPucUITests/Info.plist;
				LD_RUNPATH_SEARCH_PATHS = "$(inherited) @executable_path/Frameworks @loader_path/Frameworks";
				PRODUCT_BUNDLE_IDENTIFIER = Flo.HackPucUITests;
				PRODUCT_NAME = "$(TARGET_NAME)";
				TEST_TARGET_NAME = HackPuc;
				USES_XCTRUNNER = YES;
			};
			name = Release;
		};
/* End XCBuildConfiguration section */

/* Begin XCConfigurationList section */
		0CBC5C2B1C1B8773006BEEFE /* Build configuration list for PBXProject "HackPuc" */ = {
			isa = XCConfigurationList;
			buildConfigurations = (
				0CBC5C561C1B8773006BEEFE /* Debug */,
				0CBC5C571C1B8773006BEEFE /* Release */,
			);
			defaultConfigurationIsVisible = 0;
			defaultConfigurationName = Release;
		};
		0CBC5C581C1B8773006BEEFE /* Build configuration list for PBXNativeTarget "HackPuc" */ = {
			isa = XCConfigurationList;
			buildConfigurations = (
				0CBC5C591C1B8773006BEEFE /* Debug */,
				0CBC5C5A1C1B8773006BEEFE /* Release */,
			);
			defaultConfigurationIsVisible = 0;
			defaultConfigurationName = Release;
		};
		0CBC5C5B1C1B8773006BEEFE /* Build configuration list for PBXNativeTarget "HackPucTests" */ = {
			isa = XCConfigurationList;
			buildConfigurations = (
				0CBC5C5C1C1B8773006BEEFE /* Debug */,
				0CBC5C5D1C1B8773006BEEFE /* Release */,
			);
			defaultConfigurationIsVisible = 0;
			defaultConfigurationName = Release;
		};
		0CBC5C5E1C1B8773006BEEFE /* Build configuration list for PBXNativeTarget "HackPucUITests" */ = {
			isa = XCConfigurationList;
			buildConfigurations = (
				0CBC5C5F1C1B8773006BEEFE /* Debug */,
				0CBC5C601C1B8773006BEEFE /* Release */,
			);
			defaultConfigurationIsVisible = 0;
			defaultConfigurationName = Release;
		};
/* End XCConfigurationList section */
	};
	rootObject = 0CBC5C281C1B8773006BEEFE /* Project object */;
}
